// !$*UTF8*$!
{
	archiveVersion = 1;
	classes = {
	};
	objectVersion = 46;
	objects = {

/* Begin PBXBuildFile section */
		9697F43A1F98925300F3D7EB /* av_audio_encode_filter.cpp in Sources */ = {isa = PBXBuildFile; fileRef = 9697F42F1F98925300F3D7EB /* av_audio_encode_filter.cpp */; };
		9697F43B1F98925300F3D7EB /* av_decode_filter.cpp in Sources */ = {isa = PBXBuildFile; fileRef = 9697F4301F98925300F3D7EB /* av_decode_filter.cpp */; };
		9697F43C1F98925300F3D7EB /* av_encode_filter.cpp in Sources */ = {isa = PBXBuildFile; fileRef = 9697F4311F98925300F3D7EB /* av_encode_filter.cpp */; };
		9697F43D1F98925300F3D7EB /* av_file_sink.cpp in Sources */ = {isa = PBXBuildFile; fileRef = 9697F4321F98925300F3D7EB /* av_file_sink.cpp */; };
		9697F43E1F98925300F3D7EB /* av_file_source.cpp in Sources */ = {isa = PBXBuildFile; fileRef = 9697F4331F98925300F3D7EB /* av_file_source.cpp */; };
		9697F43F1F98925300F3D7EB /* av_frame_scale_filter.cpp in Sources */ = {isa = PBXBuildFile; fileRef = 9697F4341F98925300F3D7EB /* av_frame_scale_filter.cpp */; };
		9697F4401F98925300F3D7EB /* av_resample_filter.cpp in Sources */ = {isa = PBXBuildFile; fileRef = 9697F4351F98925300F3D7EB /* av_resample_filter.cpp */; };
		9697F4421F98925300F3D7EB /* codec_specify.cpp in Sources */ = {isa = PBXBuildFile; fileRef = 9697F4371F98925300F3D7EB /* codec_specify.cpp */; };
		9697F4441F98925300F3D7EB /* rtp_wrapper.cpp in Sources */ = {isa = PBXBuildFile; fileRef = 9697F4391F98925300F3D7EB /* rtp_wrapper.cpp */; };
		9697F45C1F98927700F3D7EB /* av_audio_encode_filter.h in Headers */ = {isa = PBXBuildFile; fileRef = 9697F4451F98927700F3D7EB /* av_audio_encode_filter.h */; };
		9697F45D1F98927700F3D7EB /* av_decode_filter.h in Headers */ = {isa = PBXBuildFile; fileRef = 9697F4461F98927700F3D7EB /* av_decode_filter.h */; };
		9697F45E1F98927700F3D7EB /* av_encode_filter.h in Headers */ = {isa = PBXBuildFile; fileRef = 9697F4471F98927700F3D7EB /* av_encode_filter.h */; };
		9697F45F1F98927700F3D7EB /* av_exception.h in Headers */ = {isa = PBXBuildFile; fileRef = 9697F4481F98927700F3D7EB /* av_exception.h */; };
		9697F4601F98927700F3D7EB /* av_file_sink.h in Headers */ = {isa = PBXBuildFile; fileRef = 9697F4491F98927700F3D7EB /* av_file_sink.h */; };
		9697F4611F98927700F3D7EB /* av_file_source.h in Headers */ = {isa = PBXBuildFile; fileRef = 9697F44A1F98927700F3D7EB /* av_file_source.h */; };
		9697F4621F98927700F3D7EB /* av_frame_scale_filter.h in Headers */ = {isa = PBXBuildFile; fileRef = 9697F44B1F98927700F3D7EB /* av_frame_scale_filter.h */; };
		9697F4631F98927700F3D7EB /* av_resample_filter.h in Headers */ = {isa = PBXBuildFile; fileRef = 9697F44C1F98927700F3D7EB /* av_resample_filter.h */; };
		9697F4641F98927700F3D7EB /* av_rtp_sink.h in Headers */ = {isa = PBXBuildFile; fileRef = 9697F44D1F98927700F3D7EB /* av_rtp_sink.h */; };
		9697F4651F98927700F3D7EB /* av_rtp_source.h in Headers */ = {isa = PBXBuildFile; fileRef = 9697F44E1F98927700F3D7EB /* av_rtp_source.h */; };
		9697F4661F98927700F3D7EB /* av_util.h in Headers */ = {isa = PBXBuildFile; fileRef = 9697F44F1F98927700F3D7EB /* av_util.h */; };
		9697F4681F98927700F3D7EB /* codec_specify.h in Headers */ = {isa = PBXBuildFile; fileRef = 9697F4511F98927700F3D7EB /* codec_specify.h */; };
		9697F46A1F98927700F3D7EB /* filter.h in Headers */ = {isa = PBXBuildFile; fileRef = 9697F4531F98927700F3D7EB /* filter.h */; };
		9697F46C1F98927700F3D7EB /* h264_codec.h in Headers */ = {isa = PBXBuildFile; fileRef = 9697F4551F98927700F3D7EB /* h264_codec.h */; };
		9697F46E1F98927700F3D7EB /* raw_codec.h in Headers */ = {isa = PBXBuildFile; fileRef = 9697F4571F98927700F3D7EB /* raw_codec.h */; };
		9697F46F1F98927700F3D7EB /* rtp_wrapper.h in Headers */ = {isa = PBXBuildFile; fileRef = 9697F4581F98927700F3D7EB /* rtp_wrapper.h */; };
		9697F4701F98927700F3D7EB /* sink.h in Headers */ = {isa = PBXBuildFile; fileRef = 9697F4591F98927700F3D7EB /* sink.h */; };
		9697F4711F98927700F3D7EB /* source.h in Headers */ = {isa = PBXBuildFile; fileRef = 9697F45A1F98927700F3D7EB /* source.h */; };
		9697F4721F98927700F3D7EB /* transformation.h in Headers */ = {isa = PBXBuildFile; fileRef = 9697F45B1F98927700F3D7EB /* transformation.h */; };
		96B5DD3B2015D8F800A28AE9 /* av_log.h in Headers */ = {isa = PBXBuildFile; fileRef = 96B5DD3A2015D8F800A28AE9 /* av_log.h */; };
		96B5DD3D2015D90700A28AE9 /* av_log.cpp in Sources */ = {isa = PBXBuildFile; fileRef = 96B5DD3C2015D90700A28AE9 /* av_log.cpp */; };
		96B5DD6320172ABC00A28AE9 /* buffer_sink.h in Headers */ = {isa = PBXBuildFile; fileRef = 96B5DD5F20172ABC00A28AE9 /* buffer_sink.h */; };
		96B5DD6420172ABC00A28AE9 /* av_camera.h in Headers */ = {isa = PBXBuildFile; fileRef = 96B5DD6020172ABC00A28AE9 /* av_camera.h */; };
		96B5DD6620172ABC00A28AE9 /* av_microphone.h in Headers */ = {isa = PBXBuildFile; fileRef = 96B5DD6220172ABC00A28AE9 /* av_microphone.h */; };
		96B5DD6820172BE200A28AE9 /* frame_scaler.h in Headers */ = {isa = PBXBuildFile; fileRef = 96B5DD6720172BE200A28AE9 /* frame_scaler.h */; };
		96B5DD6B20172BF200A28AE9 /* av_camera.cpp in Sources */ = {isa = PBXBuildFile; fileRef = 96B5DD6920172BF200A28AE9 /* av_camera.cpp */; };
		96B5DD6C20172BF200A28AE9 /* av_microphone.cpp in Sources */ = {isa = PBXBuildFile; fileRef = 96B5DD6A20172BF200A28AE9 /* av_microphone.cpp */; };
		96B5DD6E201B131D00A28AE9 /* h264_rtp_packer.h in Headers */ = {isa = PBXBuildFile; fileRef = 96B5DD6D201B131D00A28AE9 /* h264_rtp_packer.h */; };
		96B5DD70201B146100A28AE9 /* h264_rtp_packer.cpp in Sources */ = {isa = PBXBuildFile; fileRef = 96B5DD6F201B146100A28AE9 /* h264_rtp_packer.cpp */; };
/* End PBXBuildFile section */

/* Begin PBXFileReference section */
		9697F3F61F988B0000F3D7EB /* libav_engine.a */ = {isa = PBXFileReference; explicitFileType = archive.ar; includeInIndex = 0; path = libav_engine.a; sourceTree = BUILT_PRODUCTS_DIR; };
		9697F42F1F98925300F3D7EB /* av_audio_encode_filter.cpp */ = {isa = PBXFileReference; fileEncoding = 4; lastKnownFileType = sourcecode.cpp.cpp; name = av_audio_encode_filter.cpp; path = ../src/av_audio_encode_filter.cpp; sourceTree = "<group>"; };
		9697F4301F98925300F3D7EB /* av_decode_filter.cpp */ = {isa = PBXFileReference; fileEncoding = 4; lastKnownFileType = sourcecode.cpp.cpp; name = av_decode_filter.cpp; path = ../src/av_decode_filter.cpp; sourceTree = "<group>"; };
		9697F4311F98925300F3D7EB /* av_encode_filter.cpp */ = {isa = PBXFileReference; fileEncoding = 4; lastKnownFileType = sourcecode.cpp.cpp; name = av_encode_filter.cpp; path = ../src/av_encode_filter.cpp; sourceTree = "<group>"; };
		9697F4321F98925300F3D7EB /* av_file_sink.cpp */ = {isa = PBXFileReference; fileEncoding = 4; lastKnownFileType = sourcecode.cpp.cpp; name = av_file_sink.cpp; path = ../src/av_file_sink.cpp; sourceTree = "<group>"; };
		9697F4331F98925300F3D7EB /* av_file_source.cpp */ = {isa = PBXFileReference; fileEncoding = 4; lastKnownFileType = sourcecode.cpp.cpp; name = av_file_source.cpp; path = ../src/av_file_source.cpp; sourceTree = "<group>"; };
		9697F4341F98925300F3D7EB /* av_frame_scale_filter.cpp */ = {isa = PBXFileReference; fileEncoding = 4; lastKnownFileType = sourcecode.cpp.cpp; name = av_frame_scale_filter.cpp; path = ../src/av_frame_scale_filter.cpp; sourceTree = "<group>"; };
		9697F4351F98925300F3D7EB /* av_resample_filter.cpp */ = {isa = PBXFileReference; fileEncoding = 4; lastKnownFileType = sourcecode.cpp.cpp; name = av_resample_filter.cpp; path = ../src/av_resample_filter.cpp; sourceTree = "<group>"; };
		9697F4371F98925300F3D7EB /* codec_specify.cpp */ = {isa = PBXFileReference; fileEncoding = 4; lastKnownFileType = sourcecode.cpp.cpp; name = codec_specify.cpp; path = ../src/codec_specify.cpp; sourceTree = "<group>"; };
		9697F4391F98925300F3D7EB /* rtp_wrapper.cpp */ = {isa = PBXFileReference; fileEncoding = 4; lastKnownFileType = sourcecode.cpp.cpp; name = rtp_wrapper.cpp; path = ../src/rtp_wrapper.cpp; sourceTree = "<group>"; };
		9697F4451F98927700F3D7EB /* av_audio_encode_filter.h */ = {isa = PBXFileReference; fileEncoding = 4; lastKnownFileType = sourcecode.c.h; name = av_audio_encode_filter.h; path = ../include/av_audio_encode_filter.h; sourceTree = "<group>"; };
		9697F4461F98927700F3D7EB /* av_decode_filter.h */ = {isa = PBXFileReference; fileEncoding = 4; lastKnownFileType = sourcecode.c.h; name = av_decode_filter.h; path = ../include/av_decode_filter.h; sourceTree = "<group>"; };
		9697F4471F98927700F3D7EB /* av_encode_filter.h */ = {isa = PBXFileReference; fileEncoding = 4; lastKnownFileType = sourcecode.c.h; name = av_encode_filter.h; path = ../include/av_encode_filter.h; sourceTree = "<group>"; };
		9697F4481F98927700F3D7EB /* av_exception.h */ = {isa = PBXFileReference; fileEncoding = 4; lastKnownFileType = sourcecode.c.h; name = av_exception.h; path = ../include/av_exception.h; sourceTree = "<group>"; };
		9697F4491F98927700F3D7EB /* av_file_sink.h */ = {isa = PBXFileReference; fileEncoding = 4; lastKnownFileType = sourcecode.c.h; name = av_file_sink.h; path = ../include/av_file_sink.h; sourceTree = "<group>"; };
		9697F44A1F98927700F3D7EB /* av_file_source.h */ = {isa = PBXFileReference; fileEncoding = 4; lastKnownFileType = sourcecode.c.h; name = av_file_source.h; path = ../include/av_file_source.h; sourceTree = "<group>"; };
		9697F44B1F98927700F3D7EB /* av_frame_scale_filter.h */ = {isa = PBXFileReference; fileEncoding = 4; lastKnownFileType = sourcecode.c.h; name = av_frame_scale_filter.h; path = ../include/av_frame_scale_filter.h; sourceTree = "<group>"; };
		9697F44C1F98927700F3D7EB /* av_resample_filter.h */ = {isa = PBXFileReference; fileEncoding = 4; lastKnownFileType = sourcecode.c.h; name = av_resample_filter.h; path = ../include/av_resample_filter.h; sourceTree = "<group>"; };
		9697F44D1F98927700F3D7EB /* av_rtp_sink.h */ = {isa = PBXFileReference; fileEncoding = 4; lastKnownFileType = sourcecode.c.h; name = av_rtp_sink.h; path = ../include/av_rtp_sink.h; sourceTree = "<group>"; };
		9697F44E1F98927700F3D7EB /* av_rtp_source.h */ = {isa = PBXFileReference; fileEncoding = 4; lastKnownFileType = sourcecode.c.h; name = av_rtp_source.h; path = ../include/av_rtp_source.h; sourceTree = "<group>"; };
		9697F44F1F98927700F3D7EB /* av_util.h */ = {isa = PBXFileReference; fileEncoding = 4; lastKnownFileType = sourcecode.c.h; name = av_util.h; path = ../include/av_util.h; sourceTree = "<group>"; };
		9697F4511F98927700F3D7EB /* codec_specify.h */ = {isa = PBXFileReference; fileEncoding = 4; lastKnownFileType = sourcecode.c.h; name = codec_specify.h; path = ../include/codec_specify.h; sourceTree = "<group>"; };
		9697F4531F98927700F3D7EB /* filter.h */ = {isa = PBXFileReference; fileEncoding = 4; lastKnownFileType = sourcecode.c.h; name = filter.h; path = ../include/filter.h; sourceTree = "<group>"; };
		9697F4551F98927700F3D7EB /* h264_codec.h */ = {isa = PBXFileReference; fileEncoding = 4; lastKnownFileType = sourcecode.c.h; name = h264_codec.h; path = ../include/h264_codec.h; sourceTree = "<group>"; };
		9697F4571F98927700F3D7EB /* raw_codec.h */ = {isa = PBXFileReference; fileEncoding = 4; lastKnownFileType = sourcecode.c.h; name = raw_codec.h; path = ../include/raw_codec.h; sourceTree = "<group>"; };
		9697F4581F98927700F3D7EB /* rtp_wrapper.h */ = {isa = PBXFileReference; fileEncoding = 4; lastKnownFileType = sourcecode.c.h; name = rtp_wrapper.h; path = ../include/rtp_wrapper.h; sourceTree = "<group>"; };
		9697F4591F98927700F3D7EB /* sink.h */ = {isa = PBXFileReference; fileEncoding = 4; lastKnownFileType = sourcecode.c.h; name = sink.h; path = ../include/sink.h; sourceTree = "<group>"; };
		9697F45A1F98927700F3D7EB /* source.h */ = {isa = PBXFileReference; fileEncoding = 4; lastKnownFileType = sourcecode.c.h; name = source.h; path = ../include/source.h; sourceTree = "<group>"; };
		9697F45B1F98927700F3D7EB /* transformation.h */ = {isa = PBXFileReference; fileEncoding = 4; lastKnownFileType = sourcecode.c.h; name = transformation.h; path = ../include/transformation.h; sourceTree = "<group>"; };
		96B5DD3A2015D8F800A28AE9 /* av_log.h */ = {isa = PBXFileReference; fileEncoding = 4; lastKnownFileType = sourcecode.c.h; name = av_log.h; path = ../include/av_log.h; sourceTree = "<group>"; };
		96B5DD3C2015D90700A28AE9 /* av_log.cpp */ = {isa = PBXFileReference; fileEncoding = 4; lastKnownFileType = sourcecode.cpp.cpp; name = av_log.cpp; path = ../src/av_log.cpp; sourceTree = "<group>"; };
		96B5DD5F20172ABC00A28AE9 /* buffer_sink.h */ = {isa = PBXFileReference; fileEncoding = 4; lastKnownFileType = sourcecode.c.h; name = buffer_sink.h; path = ../include/buffer_sink.h; sourceTree = "<group>"; };
		96B5DD6020172ABC00A28AE9 /* av_camera.h */ = {isa = PBXFileReference; fileEncoding = 4; lastKnownFileType = sourcecode.c.h; name = av_camera.h; path = ../include/av_camera.h; sourceTree = "<group>"; };
		96B5DD6220172ABC00A28AE9 /* av_microphone.h */ = {isa = PBXFileReference; fileEncoding = 4; lastKnownFileType = sourcecode.c.h; name = av_microphone.h; path = ../include/av_microphone.h; sourceTree = "<group>"; };
		96B5DD6720172BE200A28AE9 /* frame_scaler.h */ = {isa = PBXFileReference; fileEncoding = 4; lastKnownFileType = sourcecode.c.h; name = frame_scaler.h; path = ../include/frame_scaler.h; sourceTree = "<group>"; };
		96B5DD6920172BF200A28AE9 /* av_camera.cpp */ = {isa = PBXFileReference; fileEncoding = 4; lastKnownFileType = sourcecode.cpp.cpp; name = av_camera.cpp; path = ../src/av_camera.cpp; sourceTree = "<group>"; };
		96B5DD6A20172BF200A28AE9 /* av_microphone.cpp */ = {isa = PBXFileReference; fileEncoding = 4; lastKnownFileType = sourcecode.cpp.cpp; name = av_microphone.cpp; path = ../src/av_microphone.cpp; sourceTree = "<group>"; };
		96B5DD6D201B131D00A28AE9 /* h264_rtp_packer.h */ = {isa = PBXFileReference; fileEncoding = 4; lastKnownFileType = sourcecode.c.h; name = h264_rtp_packer.h; path = ../include/h264_rtp_packer.h; sourceTree = "<group>"; };
		96B5DD6F201B146100A28AE9 /* h264_rtp_packer.cpp */ = {isa = PBXFileReference; fileEncoding = 4; lastKnownFileType = sourcecode.cpp.cpp; name = h264_rtp_packer.cpp; path = ../src/h264_rtp_packer.cpp; sourceTree = "<group>"; };
/* End PBXFileReference section */

/* Begin PBXFrameworksBuildPhase section */
		9697F3F31F988B0000F3D7EB /* Frameworks */ = {
			isa = PBXFrameworksBuildPhase;
			buildActionMask = 2147483647;
			files = (
			);
			runOnlyForDeploymentPostprocessing = 0;
		};
/* End PBXFrameworksBuildPhase section */

/* Begin PBXGroup section */
		9697F3ED1F988B0000F3D7EB = {
			isa = PBXGroup;
			children = (
				96B5DD6D201B131D00A28AE9 /* h264_rtp_packer.h */,
				96B5DD6F201B146100A28AE9 /* h264_rtp_packer.cpp */,
				96B5DD6920172BF200A28AE9 /* av_camera.cpp */,
				96B5DD6A20172BF200A28AE9 /* av_microphone.cpp */,
				96B5DD6720172BE200A28AE9 /* frame_scaler.h */,
				96B5DD5F20172ABC00A28AE9 /* buffer_sink.h */,
				96B5DD6020172ABC00A28AE9 /* av_camera.h */,
				96B5DD6220172ABC00A28AE9 /* av_microphone.h */,
				96B5DD3C2015D90700A28AE9 /* av_log.cpp */,
				96B5DD3A2015D8F800A28AE9 /* av_log.h */,
				9697F4451F98927700F3D7EB /* av_audio_encode_filter.h */,
				9697F4461F98927700F3D7EB /* av_decode_filter.h */,
				9697F4471F98927700F3D7EB /* av_encode_filter.h */,
				9697F4481F98927700F3D7EB /* av_exception.h */,
				9697F4491F98927700F3D7EB /* av_file_sink.h */,
				9697F44A1F98927700F3D7EB /* av_file_source.h */,
				9697F44B1F98927700F3D7EB /* av_frame_scale_filter.h */,
				9697F44C1F98927700F3D7EB /* av_resample_filter.h */,
				9697F44D1F98927700F3D7EB /* av_rtp_sink.h */,
				9697F44E1F98927700F3D7EB /* av_rtp_source.h */,
				9697F44F1F98927700F3D7EB /* av_util.h */,
				9697F4511F98927700F3D7EB /* codec_specify.h */,
				9697F4531F98927700F3D7EB /* filter.h */,
				9697F4551F98927700F3D7EB /* h264_codec.h */,
				9697F4571F98927700F3D7EB /* raw_codec.h */,
				9697F4581F98927700F3D7EB /* rtp_wrapper.h */,
				9697F4591F98927700F3D7EB /* sink.h */,
				9697F45A1F98927700F3D7EB /* source.h */,
				9697F45B1F98927700F3D7EB /* transformation.h */,
				9697F42F1F98925300F3D7EB /* av_audio_encode_filter.cpp */,
				9697F4301F98925300F3D7EB /* av_decode_filter.cpp */,
				9697F4311F98925300F3D7EB /* av_encode_filter.cpp */,
				9697F4321F98925300F3D7EB /* av_file_sink.cpp */,
				9697F4331F98925300F3D7EB /* av_file_source.cpp */,
				9697F4341F98925300F3D7EB /* av_frame_scale_filter.cpp */,
				9697F4351F98925300F3D7EB /* av_resample_filter.cpp */,
				9697F4371F98925300F3D7EB /* codec_specify.cpp */,
				9697F4391F98925300F3D7EB /* rtp_wrapper.cpp */,
				9697F3F71F988B0000F3D7EB /* Products */,
			);
			sourceTree = "<group>";
		};
		9697F3F71F988B0000F3D7EB /* Products */ = {
			isa = PBXGroup;
			children = (
				9697F3F61F988B0000F3D7EB /* libav_engine.a */,
			);
			name = Products;
			sourceTree = "<group>";
		};
/* End PBXGroup section */

/* Begin PBXHeadersBuildPhase section */
		9697F3F41F988B0000F3D7EB /* Headers */ = {
			isa = PBXHeadersBuildPhase;
			buildActionMask = 2147483647;
			files = (
				9697F45E1F98927700F3D7EB /* av_encode_filter.h in Headers */,
				96B5DD6620172ABC00A28AE9 /* av_microphone.h in Headers */,
				9697F46C1F98927700F3D7EB /* h264_codec.h in Headers */,
				9697F4651F98927700F3D7EB /* av_rtp_source.h in Headers */,
				9697F4621F98927700F3D7EB /* av_frame_scale_filter.h in Headers */,
				9697F4601F98927700F3D7EB /* av_file_sink.h in Headers */,
				9697F45F1F98927700F3D7EB /* av_exception.h in Headers */,
				9697F45C1F98927700F3D7EB /* av_audio_encode_filter.h in Headers */,
				9697F4721F98927700F3D7EB /* transformation.h in Headers */,
				9697F4641F98927700F3D7EB /* av_rtp_sink.h in Headers */,
				9697F46A1F98927700F3D7EB /* filter.h in Headers */,
				96B5DD3B2015D8F800A28AE9 /* av_log.h in Headers */,
				9697F4661F98927700F3D7EB /* av_util.h in Headers */,
				9697F4611F98927700F3D7EB /* av_file_source.h in Headers */,
				9697F4681F98927700F3D7EB /* codec_specify.h in Headers */,
				9697F4701F98927700F3D7EB /* sink.h in Headers */,
				96B5DD6820172BE200A28AE9 /* frame_scaler.h in Headers */,
				96B5DD6E201B131D00A28AE9 /* h264_rtp_packer.h in Headers */,
				96B5DD6320172ABC00A28AE9 /* buffer_sink.h in Headers */,
				9697F4631F98927700F3D7EB /* av_resample_filter.h in Headers */,
				9697F4711F98927700F3D7EB /* source.h in Headers */,
				9697F45D1F98927700F3D7EB /* av_decode_filter.h in Headers */,
				9697F46F1F98927700F3D7EB /* rtp_wrapper.h in Headers */,
				96B5DD6420172ABC00A28AE9 /* av_camera.h in Headers */,
				9697F46E1F98927700F3D7EB /* raw_codec.h in Headers */,
			);
			runOnlyForDeploymentPostprocessing = 0;
		};
/* End PBXHeadersBuildPhase section */

/* Begin PBXNativeTarget section */
		9697F3F51F988B0000F3D7EB /* av_engine */ = {
			isa = PBXNativeTarget;
			buildConfigurationList = 9697F4011F988B0000F3D7EB /* Build configuration list for PBXNativeTarget "av_engine" */;
			buildPhases = (
				9697F3F21F988B0000F3D7EB /* Sources */,
				9697F3F31F988B0000F3D7EB /* Frameworks */,
				9697F3F41F988B0000F3D7EB /* Headers */,
			);
			buildRules = (
			);
			dependencies = (
			);
			name = av_engine;
			productName = av_engine;
			productReference = 9697F3F61F988B0000F3D7EB /* libav_engine.a */;
			productType = "com.apple.product-type.library.static";
		};
/* End PBXNativeTarget section */

/* Begin PBXProject section */
		9697F3EE1F988B0000F3D7EB /* Project object */ = {
			isa = PBXProject;
			attributes = {
				LastUpgradeCheck = 0800;
				ORGANIZATIONNAME = "infowarelab－macmini";
				TargetAttributes = {
					9697F3F51F988B0000F3D7EB = {
						CreatedOnToolsVersion = 8.0;
						ProvisioningStyle = Automatic;
					};
				};
			};
			buildConfigurationList = 9697F3F11F988B0000F3D7EB /* Build configuration list for PBXProject "av_engine" */;
			compatibilityVersion = "Xcode 3.2";
			developmentRegion = English;
			hasScannedForEncodings = 0;
			knownRegions = (
				en,
			);
			mainGroup = 9697F3ED1F988B0000F3D7EB;
			productRefGroup = 9697F3F71F988B0000F3D7EB /* Products */;
			projectDirPath = "";
			projectRoot = "";
			targets = (
				9697F3F51F988B0000F3D7EB /* av_engine */,
			);
		};
/* End PBXProject section */

/* Begin PBXSourcesBuildPhase section */
		9697F3F21F988B0000F3D7EB /* Sources */ = {
			isa = PBXSourcesBuildPhase;
			buildActionMask = 2147483647;
			files = (
				9697F43E1F98925300F3D7EB /* av_file_source.cpp in Sources */,
				9697F4421F98925300F3D7EB /* codec_specify.cpp in Sources */,
				9697F43C1F98925300F3D7EB /* av_encode_filter.cpp in Sources */,
				9697F43B1F98925300F3D7EB /* av_decode_filter.cpp in Sources */,
				9697F43F1F98925300F3D7EB /* av_frame_scale_filter.cpp in Sources */,
				96B5DD70201B146100A28AE9 /* h264_rtp_packer.cpp in Sources */,
				9697F4401F98925300F3D7EB /* av_resample_filter.cpp in Sources */,
				96B5DD3D2015D90700A28AE9 /* av_log.cpp in Sources */,
				9697F43A1F98925300F3D7EB /* av_audio_encode_filter.cpp in Sources */,
				96B5DD6C20172BF200A28AE9 /* av_microphone.cpp in Sources */,
				96B5DD6B20172BF200A28AE9 /* av_camera.cpp in Sources */,
				9697F43D1F98925300F3D7EB /* av_file_sink.cpp in Sources */,
				9697F4441F98925300F3D7EB /* rtp_wrapper.cpp in Sources */,
			);
			runOnlyForDeploymentPostprocessing = 0;
		};
/* End PBXSourcesBuildPhase section */

/* Begin XCBuildConfiguration section */
		9697F3FF1F988B0000F3D7EB /* Debug */ = {
			isa = XCBuildConfiguration;
			buildSettings = {
				ALWAYS_SEARCH_USER_PATHS = NO;
				CLANG_ANALYZER_NONNULL = YES;
				CLANG_CXX_LANGUAGE_STANDARD = "gnu++0x";
				CLANG_CXX_LIBRARY = "libc++";
				CLANG_ENABLE_MODULES = YES;
				CLANG_ENABLE_OBJC_ARC = YES;
				CLANG_WARN_BOOL_CONVERSION = YES;
				CLANG_WARN_CONSTANT_CONVERSION = YES;
				CLANG_WARN_DIRECT_OBJC_ISA_USAGE = YES_ERROR;
				CLANG_WARN_DOCUMENTATION_COMMENTS = YES;
				CLANG_WARN_EMPTY_BODY = YES;
				CLANG_WARN_ENUM_CONVERSION = YES;
				CLANG_WARN_INFINITE_RECURSION = YES;
				CLANG_WARN_INT_CONVERSION = YES;
				CLANG_WARN_OBJC_ROOT_CLASS = YES_ERROR;
				CLANG_WARN_SUSPICIOUS_MOVES = YES;
				CLANG_WARN_UNREACHABLE_CODE = YES;
				CLANG_WARN__DUPLICATE_METHOD_MATCH = YES;
				CODE_SIGN_IDENTITY = "-";
				COPY_PHASE_STRIP = NO;
				DEBUG_INFORMATION_FORMAT = dwarf;
				ENABLE_STRICT_OBJC_MSGSEND = YES;
				ENABLE_TESTABILITY = YES;
				GCC_C_LANGUAGE_STANDARD = gnu99;
				GCC_DYNAMIC_NO_PIC = NO;
				GCC_NO_COMMON_BLOCKS = YES;
				GCC_OPTIMIZATION_LEVEL = 0;
				GCC_PREPROCESSOR_DEFINITIONS = (
					"DEBUG=1",
					"$(inherited)",
				);
				GCC_WARN_64_TO_32_BIT_CONVERSION = YES;
				GCC_WARN_ABOUT_RETURN_TYPE = YES_ERROR;
				GCC_WARN_UNDECLARED_SELECTOR = YES;
				GCC_WARN_UNINITIALIZED_AUTOS = YES_AGGRESSIVE;
				GCC_WARN_UNUSED_FUNCTION = YES;
				GCC_WARN_UNUSED_VARIABLE = YES;
				MACOSX_DEPLOYMENT_TARGET = 10.12;
				MTL_ENABLE_DEBUG_INFO = YES;
				ONLY_ACTIVE_ARCH = YES;
				SDKROOT = macosx;
			};
			name = Debug;
		};
		9697F4001F988B0000F3D7EB /* Release */ = {
			isa = XCBuildConfiguration;
			buildSettings = {
				ALWAYS_SEARCH_USER_PATHS = NO;
				CLANG_ANALYZER_NONNULL = YES;
				CLANG_CXX_LANGUAGE_STANDARD = "gnu++0x";
				CLANG_CXX_LIBRARY = "libc++";
				CLANG_ENABLE_MODULES = YES;
				CLANG_ENABLE_OBJC_ARC = YES;
				CLANG_WARN_BOOL_CONVERSION = YES;
				CLANG_WARN_CONSTANT_CONVERSION = YES;
				CLANG_WARN_DIRECT_OBJC_ISA_USAGE = YES_ERROR;
				CLANG_WARN_DOCUMENTATION_COMMENTS = YES;
				CLANG_WARN_EMPTY_BODY = YES;
				CLANG_WARN_ENUM_CONVERSION = YES;
				CLANG_WARN_INFINITE_RECURSION = YES;
				CLANG_WARN_INT_CONVERSION = YES;
				CLANG_WARN_OBJC_ROOT_CLASS = YES_ERROR;
				CLANG_WARN_SUSPICIOUS_MOVES = YES;
				CLANG_WARN_UNREACHABLE_CODE = YES;
				CLANG_WARN__DUPLICATE_METHOD_MATCH = YES;
				CODE_SIGN_IDENTITY = "-";
				COPY_PHASE_STRIP = NO;
				DEBUG_INFORMATION_FORMAT = "dwarf-with-dsym";
				ENABLE_NS_ASSERTIONS = NO;
				ENABLE_STRICT_OBJC_MSGSEND = YES;
				GCC_C_LANGUAGE_STANDARD = gnu99;
				GCC_NO_COMMON_BLOCKS = YES;
				GCC_WARN_64_TO_32_BIT_CONVERSION = YES;
				GCC_WARN_ABOUT_RETURN_TYPE = YES_ERROR;
				GCC_WARN_UNDECLARED_SELECTOR = YES;
				GCC_WARN_UNINITIALIZED_AUTOS = YES_AGGRESSIVE;
				GCC_WARN_UNUSED_FUNCTION = YES;
				GCC_WARN_UNUSED_VARIABLE = YES;
				MACOSX_DEPLOYMENT_TARGET = 10.12;
				MTL_ENABLE_DEBUG_INFO = NO;
				SDKROOT = macosx;
			};
			name = Release;
		};
		9697F4021F988B0000F3D7EB /* Debug */ = {
			isa = XCBuildConfiguration;
			buildSettings = {
				EXECUTABLE_PREFIX = lib;
				GCC_ENABLE_CPP_EXCEPTIONS = YES;
				GCC_ENABLE_CPP_RTTI = YES;
				HEADER_SEARCH_PATHS = (
					../include,
					/usr/local/include,
				);
				PRODUCT_NAME = "$(TARGET_NAME)";
			};
			name = Debug;
		};
		9697F4031F988B0000F3D7EB /* Release */ = {
			isa = XCBuildConfiguration;
			buildSettings = {
				EXECUTABLE_PREFIX = lib;
				GCC_ENABLE_CPP_EXCEPTIONS = YES;
				GCC_ENABLE_CPP_RTTI = YES;
				HEADER_SEARCH_PATHS = (
					../include,
					/usr/local/include,
				);
				PRODUCT_NAME = "$(TARGET_NAME)";
			};
			name = Release;
		};
/* End XCBuildConfiguration section */

/* Begin XCConfigurationList section */
		9697F3F11F988B0000F3D7EB /* Build configuration list for PBXProject "av_engine" */ = {
			isa = XCConfigurationList;
			buildConfigurations = (
				9697F3FF1F988B0000F3D7EB /* Debug */,
				9697F4001F988B0000F3D7EB /* Release */,
			);
			defaultConfigurationIsVisible = 0;
			defaultConfigurationName = Release;
		};
		9697F4011F988B0000F3D7EB /* Build configuration list for PBXNativeTarget "av_engine" */ = {
			isa = XCConfigurationList;
			buildConfigurations = (
				9697F4021F988B0000F3D7EB /* Debug */,
				9697F4031F988B0000F3D7EB /* Release */,
			);
			defaultConfigurationIsVisible = 0;
			defaultConfigurationName = Release;
		};
/* End XCConfigurationList section */
	};
	rootObject = 9697F3EE1F988B0000F3D7EB /* Project object */;
}
